// !$*UTF8*$!
{
	archiveVersion = 1;
	classes = {
	};
	objectVersion = 56;
	objects = {

/* Begin PBXBuildFile section */
		90079A9F2998ED7700CF86D2 /* AppDelegate.swift in Sources */ = {isa = PBXBuildFile; fileRef = 90079A9E2998ED7700CF86D2 /* AppDelegate.swift */; };
		90079AA12998ED7700CF86D2 /* SceneDelegate.swift in Sources */ = {isa = PBXBuildFile; fileRef = 90079AA02998ED7700CF86D2 /* SceneDelegate.swift */; };
		90079AA32998ED7700CF86D2 /* ImagesListViewController.swift in Sources */ = {isa = PBXBuildFile; fileRef = 90079AA22998ED7700CF86D2 /* ImagesListViewController.swift */; };
		90079AA62998ED7700CF86D2 /* Main.storyboard in Resources */ = {isa = PBXBuildFile; fileRef = 90079AA42998ED7700CF86D2 /* Main.storyboard */; };
		90079AA82998ED7800CF86D2 /* Assets.xcassets in Resources */ = {isa = PBXBuildFile; fileRef = 90079AA72998ED7800CF86D2 /* Assets.xcassets */; };
		90079AAB2998ED7800CF86D2 /* LaunchScreen.storyboard in Resources */ = {isa = PBXBuildFile; fileRef = 90079AA92998ED7800CF86D2 /* LaunchScreen.storyboard */; };
		9068A2AF29EED9E7006E19F8 /* WebViewControllerDelegate.swift in Sources */ = {isa = PBXBuildFile; fileRef = 9068A2AE29EED9E7006E19F8 /* WebViewControllerDelegate.swift */; };
		908841FD29EEC118001C4372 /* WebViewController.swift in Sources */ = {isa = PBXBuildFile; fileRef = 908841FC29EEC118001C4372 /* WebViewController.swift */; };
		908841FF29EEC1FA001C4372 /* AuthViewController.swift in Sources */ = {isa = PBXBuildFile; fileRef = 908841FE29EEC1FA001C4372 /* AuthViewController.swift */; };
		9097BC4029B6980A007428F3 /* SingleImageViewController.swift in Sources */ = {isa = PBXBuildFile; fileRef = 9097BC3F29B6980A007428F3 /* SingleImageViewController.swift */; };
		90A9249B29B40B2800893085 /* ImageListCell.swift in Sources */ = {isa = PBXBuildFile; fileRef = 90A9249A29B40B2800893085 /* ImageListCell.swift */; };
		90A924AB29B464FC00893085 /* ProfileViewController.swift in Sources */ = {isa = PBXBuildFile; fileRef = 90A924AA29B464FC00893085 /* ProfileViewController.swift */; };
		90CFC93729EAD8D5004260A4 /* Constants.swift in Sources */ = {isa = PBXBuildFile; fileRef = 90CFC93629EAD8D5004260A4 /* Constants.swift */; };
		90EA0B9D29D99356000A2BB9 /* UIColor+Color.swift in Sources */ = {isa = PBXBuildFile; fileRef = 90EA0B9C29D99356000A2BB9 /* UIColor+Color.swift */; };
		90F5E4CA29EAA8D600F288D6 /* YS Display-Medium.ttf in Resources */ = {isa = PBXBuildFile; fileRef = 90F5E4C829EAA8D600F288D6 /* YS Display-Medium.ttf */; };
		90F5E4CB29EAA8D600F288D6 /* YS Display-Bold.ttf in Resources */ = {isa = PBXBuildFile; fileRef = 90F5E4C929EAA8D600F288D6 /* YS Display-Bold.ttf */; };
/* End PBXBuildFile section */

/* Begin PBXFileReference section */
		90079A9B2998ED7700CF86D2 /* ImageFeed.app */ = {isa = PBXFileReference; explicitFileType = wrapper.application; includeInIndex = 0; path = ImageFeed.app; sourceTree = BUILT_PRODUCTS_DIR; };
		90079A9E2998ED7700CF86D2 /* AppDelegate.swift */ = {isa = PBXFileReference; lastKnownFileType = sourcecode.swift; path = AppDelegate.swift; sourceTree = "<group>"; };
		90079AA02998ED7700CF86D2 /* SceneDelegate.swift */ = {isa = PBXFileReference; lastKnownFileType = sourcecode.swift; path = SceneDelegate.swift; sourceTree = "<group>"; };
		90079AA22998ED7700CF86D2 /* ImagesListViewController.swift */ = {isa = PBXFileReference; lastKnownFileType = sourcecode.swift; path = ImagesListViewController.swift; sourceTree = "<group>"; };
		90079AA52998ED7700CF86D2 /* Base */ = {isa = PBXFileReference; lastKnownFileType = file.storyboard; name = Base; path = Base.lproj/Main.storyboard; sourceTree = "<group>"; };
		90079AA72998ED7800CF86D2 /* Assets.xcassets */ = {isa = PBXFileReference; lastKnownFileType = folder.assetcatalog; path = Assets.xcassets; sourceTree = "<group>"; };
		90079AAA2998ED7800CF86D2 /* Base */ = {isa = PBXFileReference; lastKnownFileType = file.storyboard; name = Base; path = Base.lproj/LaunchScreen.storyboard; sourceTree = "<group>"; };
		90079AAC2998ED7800CF86D2 /* Info.plist */ = {isa = PBXFileReference; lastKnownFileType = text.plist.xml; path = Info.plist; sourceTree = "<group>"; };
		9068A2AE29EED9E7006E19F8 /* WebViewControllerDelegate.swift */ = {isa = PBXFileReference; lastKnownFileType = sourcecode.swift; path = WebViewControllerDelegate.swift; sourceTree = "<group>"; };
		908841FC29EEC118001C4372 /* WebViewController.swift */ = {isa = PBXFileReference; lastKnownFileType = sourcecode.swift; path = WebViewController.swift; sourceTree = "<group>"; };
		908841FE29EEC1FA001C4372 /* AuthViewController.swift */ = {isa = PBXFileReference; lastKnownFileType = sourcecode.swift; path = AuthViewController.swift; sourceTree = "<group>"; };
		9097BC3F29B6980A007428F3 /* SingleImageViewController.swift */ = {isa = PBXFileReference; lastKnownFileType = sourcecode.swift; path = SingleImageViewController.swift; sourceTree = "<group>"; };
		90A9249A29B40B2800893085 /* ImageListCell.swift */ = {isa = PBXFileReference; lastKnownFileType = sourcecode.swift; path = ImageListCell.swift; sourceTree = "<group>"; };
		90A924AA29B464FC00893085 /* ProfileViewController.swift */ = {isa = PBXFileReference; lastKnownFileType = sourcecode.swift; path = ProfileViewController.swift; sourceTree = "<group>"; };
		90CFC93629EAD8D5004260A4 /* Constants.swift */ = {isa = PBXFileReference; lastKnownFileType = sourcecode.swift; path = Constants.swift; sourceTree = "<group>"; };
		90EA0B9C29D99356000A2BB9 /* UIColor+Color.swift */ = {isa = PBXFileReference; lastKnownFileType = sourcecode.swift; path = "UIColor+Color.swift"; sourceTree = "<group>"; };
		90F5E4C829EAA8D600F288D6 /* YS Display-Medium.ttf */ = {isa = PBXFileReference; lastKnownFileType = file; path = "YS Display-Medium.ttf"; sourceTree = "<group>"; };
		90F5E4C929EAA8D600F288D6 /* YS Display-Bold.ttf */ = {isa = PBXFileReference; lastKnownFileType = file; path = "YS Display-Bold.ttf"; sourceTree = "<group>"; };
/* End PBXFileReference section */

/* Begin PBXFrameworksBuildPhase section */
		90079A982998ED7700CF86D2 /* Frameworks */ = {
			isa = PBXFrameworksBuildPhase;
			buildActionMask = 2147483647;
			files = (
			);
			runOnlyForDeploymentPostprocessing = 0;
		};
/* End PBXFrameworksBuildPhase section */

/* Begin PBXGroup section */
		90079A922998ED7700CF86D2 = {
			isa = PBXGroup;
			children = (
				90079A9D2998ED7700CF86D2 /* ImageFeed */,
				90079A9C2998ED7700CF86D2 /* Products */,
			);
			sourceTree = "<group>";
		};
		90079A9C2998ED7700CF86D2 /* Products */ = {
			isa = PBXGroup;
			children = (
				90079A9B2998ED7700CF86D2 /* ImageFeed.app */,
			);
			name = Products;
			sourceTree = "<group>";
		};
		90079A9D2998ED7700CF86D2 /* ImageFeed */ = {
			isa = PBXGroup;
			children = (
				90079A9E2998ED7700CF86D2 /* AppDelegate.swift */,
				90079AA02998ED7700CF86D2 /* SceneDelegate.swift */,
				90A9249C29B40B4B00893085 /* ImageList */,
				90E06C8929B89FC200210B35 /* Profile */,
				90E06C8A29B89FD400210B35 /* SingleImage */,
				908841FB29EEC0FC001C4372 /* Auth */,
				90EA0B9B29D9933F000A2BB9 /* Colors */,
				90CFC93529EAD8AE004260A4 /* Constants */,
				90F5E4C229EAA56000F288D6 /* Resources */,
				90079AA42998ED7700CF86D2 /* Main.storyboard */,
				90079AA92998ED7800CF86D2 /* LaunchScreen.storyboard */,
				90079AAC2998ED7800CF86D2 /* Info.plist */,
			);
			path = ImageFeed;
			sourceTree = "<group>";
		};
		908841FB29EEC0FC001C4372 /* Auth */ = {
			isa = PBXGroup;
			children = (
				908841FE29EEC1FA001C4372 /* AuthViewController.swift */,
				908841FC29EEC118001C4372 /* WebViewController.swift */,
				9068A2AE29EED9E7006E19F8 /* WebViewControllerDelegate.swift */,
			);
			path = Auth;
			sourceTree = "<group>";
		};
		90A9249C29B40B4B00893085 /* ImageList */ = {
			isa = PBXGroup;
			children = (
				90079AA22998ED7700CF86D2 /* ImagesListViewController.swift */,
				90A9249A29B40B2800893085 /* ImageListCell.swift */,
			);
			path = ImageList;
			sourceTree = "<group>";
		};
		90CFC93529EAD8AE004260A4 /* Constants */ = {
			isa = PBXGroup;
			children = (
				90CFC93629EAD8D5004260A4 /* Constants.swift */,
			);
			path = Constants;
			sourceTree = "<group>";
		};
		90E06C8929B89FC200210B35 /* Profile */ = {
			isa = PBXGroup;
			children = (
				90A924AA29B464FC00893085 /* ProfileViewController.swift */,
			);
			path = Profile;
			sourceTree = "<group>";
		};
		90E06C8A29B89FD400210B35 /* SingleImage */ = {
			isa = PBXGroup;
			children = (
				9097BC3F29B6980A007428F3 /* SingleImageViewController.swift */,
			);
			path = SingleImage;
			sourceTree = "<group>";
		};
		90EA0B9B29D9933F000A2BB9 /* Colors */ = {
			isa = PBXGroup;
			children = (
				90EA0B9C29D99356000A2BB9 /* UIColor+Color.swift */,
			);
			path = Colors;
			sourceTree = "<group>";
		};
		90F5E4C229EAA56000F288D6 /* Resources */ = {
			isa = PBXGroup;
			children = (
				90079AA72998ED7800CF86D2 /* Assets.xcassets */,
				90F5E4C729EAA6F900F288D6 /* Fonts */,
			);
			path = Resources;
			sourceTree = "<group>";
		};
		90F5E4C729EAA6F900F288D6 /* Fonts */ = {
			isa = PBXGroup;
			children = (
				90F5E4C929EAA8D600F288D6 /* YS Display-Bold.ttf */,
				90F5E4C829EAA8D600F288D6 /* YS Display-Medium.ttf */,
			);
			path = Fonts;
			sourceTree = "<group>";
		};
/* End PBXGroup section */

/* Begin PBXNativeTarget section */
		90079A9A2998ED7700CF86D2 /* ImageFeed */ = {
			isa = PBXNativeTarget;
			buildConfigurationList = 90079AAF2998ED7800CF86D2 /* Build configuration list for PBXNativeTarget "ImageFeed" */;
			buildPhases = (
				90079A972998ED7700CF86D2 /* Sources */,
				90079A982998ED7700CF86D2 /* Frameworks */,
				90079A992998ED7700CF86D2 /* Resources */,
			);
			buildRules = (
			);
			dependencies = (
			);
			name = ImageFeed;
			productName = ImageFeed;
			productReference = 90079A9B2998ED7700CF86D2 /* ImageFeed.app */;
			productType = "com.apple.product-type.application";
		};
/* End PBXNativeTarget section */

/* Begin PBXProject section */
		90079A932998ED7700CF86D2 /* Project object */ = {
			isa = PBXProject;
			attributes = {
				BuildIndependentTargetsInParallel = 1;
				LastSwiftUpdateCheck = 1420;
				LastUpgradeCheck = 1420;
				TargetAttributes = {
					90079A9A2998ED7700CF86D2 = {
						CreatedOnToolsVersion = 14.2;
					};
				};
			};
			buildConfigurationList = 90079A962998ED7700CF86D2 /* Build configuration list for PBXProject "ImageFeed" */;
			compatibilityVersion = "Xcode 14.0";
			developmentRegion = en;
			hasScannedForEncodings = 0;
			knownRegions = (
				en,
				Base,
			);
			mainGroup = 90079A922998ED7700CF86D2;
			productRefGroup = 90079A9C2998ED7700CF86D2 /* Products */;
			projectDirPath = "";
			projectRoot = "";
			targets = (
				90079A9A2998ED7700CF86D2 /* ImageFeed */,
			);
		};
/* End PBXProject section */

/* Begin PBXResourcesBuildPhase section */
		90079A992998ED7700CF86D2 /* Resources */ = {
			isa = PBXResourcesBuildPhase;
			buildActionMask = 2147483647;
			files = (
				90079AAB2998ED7800CF86D2 /* LaunchScreen.storyboard in Resources */,
				90F5E4CA29EAA8D600F288D6 /* YS Display-Medium.ttf in Resources */,
				90F5E4CB29EAA8D600F288D6 /* YS Display-Bold.ttf in Resources */,
				90079AA82998ED7800CF86D2 /* Assets.xcassets in Resources */,
				90079AA62998ED7700CF86D2 /* Main.storyboard in Resources */,
			);
			runOnlyForDeploymentPostprocessing = 0;
		};
/* End PBXResourcesBuildPhase section */

/* Begin PBXSourcesBuildPhase section */
		90079A972998ED7700CF86D2 /* Sources */ = {
			isa = PBXSourcesBuildPhase;
			buildActionMask = 2147483647;
			files = (
				90079AA32998ED7700CF86D2 /* ImagesListViewController.swift in Sources */,
				908841FD29EEC118001C4372 /* WebViewController.swift in Sources */,
				908841FF29EEC1FA001C4372 /* AuthViewController.swift in Sources */,
				9068A2AF29EED9E7006E19F8 /* WebViewControllerDelegate.swift in Sources */,
				90A9249B29B40B2800893085 /* ImageListCell.swift in Sources */,
				90A924AB29B464FC00893085 /* ProfileViewController.swift in Sources */,
				90EA0B9D29D99356000A2BB9 /* UIColor+Color.swift in Sources */,
				90079A9F2998ED7700CF86D2 /* AppDelegate.swift in Sources */,
				9097BC4029B6980A007428F3 /* SingleImageViewController.swift in Sources */,
				90079AA12998ED7700CF86D2 /* SceneDelegate.swift in Sources */,
				90CFC93729EAD8D5004260A4 /* Constants.swift in Sources */,
			);
			runOnlyForDeploymentPostprocessing = 0;
		};
/* End PBXSourcesBuildPhase section */

/* Begin PBXVariantGroup section */
		90079AA42998ED7700CF86D2 /* Main.storyboard */ = {
			isa = PBXVariantGroup;
			children = (
				90079AA52998ED7700CF86D2 /* Base */,
			);
			name = Main.storyboard;
			sourceTree = "<group>";
		};
		90079AA92998ED7800CF86D2 /* LaunchScreen.storyboard */ = {
			isa = PBXVariantGroup;
			children = (
				90079AAA2998ED7800CF86D2 /* Base */,
			);
			name = LaunchScreen.storyboard;
			sourceTree = "<group>";
		};
/* End PBXVariantGroup section */

/* Begin XCBuildConfiguration section */
		90079AAD2998ED7800CF86D2 /* Debug */ = {
			isa = XCBuildConfiguration;
			buildSettings = {
				ALWAYS_SEARCH_USER_PATHS = NO;
				CLANG_ANALYZER_NONNULL = YES;
				CLANG_ANALYZER_NUMBER_OBJECT_CONVERSION = YES_AGGRESSIVE;
				CLANG_CXX_LANGUAGE_STANDARD = "gnu++20";
				CLANG_ENABLE_MODULES = YES;
				CLANG_ENABLE_OBJC_ARC = YES;
				CLANG_ENABLE_OBJC_WEAK = YES;
				CLANG_WARN_BLOCK_CAPTURE_AUTORELEASING = YES;
				CLANG_WARN_BOOL_CONVERSION = YES;
				CLANG_WARN_COMMA = YES;
				CLANG_WARN_CONSTANT_CONVERSION = YES;
				CLANG_WARN_DEPRECATED_OBJC_IMPLEMENTATIONS = YES;
				CLANG_WARN_DIRECT_OBJC_ISA_USAGE = YES_ERROR;
				CLANG_WARN_DOCUMENTATION_COMMENTS = YES;
				CLANG_WARN_EMPTY_BODY = YES;
				CLANG_WARN_ENUM_CONVERSION = YES;
				CLANG_WARN_INFINITE_RECURSION = YES;
				CLANG_WARN_INT_CONVERSION = YES;
				CLANG_WARN_NON_LITERAL_NULL_CONVERSION = YES;
				CLANG_WARN_OBJC_IMPLICIT_RETAIN_SELF = YES;
				CLANG_WARN_OBJC_LITERAL_CONVERSION = YES;
				CLANG_WARN_OBJC_ROOT_CLASS = YES_ERROR;
				CLANG_WARN_QUOTED_INCLUDE_IN_FRAMEWORK_HEADER = YES;
				CLANG_WARN_RANGE_LOOP_ANALYSIS = YES;
				CLANG_WARN_STRICT_PROTOTYPES = YES;
				CLANG_WARN_SUSPICIOUS_MOVE = YES;
				CLANG_WARN_UNGUARDED_AVAILABILITY = YES_AGGRESSIVE;
				CLANG_WARN_UNREACHABLE_CODE = YES;
				CLANG_WARN__DUPLICATE_METHOD_MATCH = YES;
				COPY_PHASE_STRIP = NO;
				DEBUG_INFORMATION_FORMAT = dwarf;
				ENABLE_STRICT_OBJC_MSGSEND = YES;
				ENABLE_TESTABILITY = YES;
				GCC_C_LANGUAGE_STANDARD = gnu11;
				GCC_DYNAMIC_NO_PIC = NO;
				GCC_NO_COMMON_BLOCKS = YES;
				GCC_OPTIMIZATION_LEVEL = 0;
				GCC_PREPROCESSOR_DEFINITIONS = (
					"DEBUG=1",
					"$(inherited)",
				);
				GCC_WARN_64_TO_32_BIT_CONVERSION = YES;
				GCC_WARN_ABOUT_RETURN_TYPE = YES_ERROR;
				GCC_WARN_UNDECLARED_SELECTOR = YES;
				GCC_WARN_UNINITIALIZED_AUTOS = YES_AGGRESSIVE;
				GCC_WARN_UNUSED_FUNCTION = YES;
				GCC_WARN_UNUSED_VARIABLE = YES;
				IPHONEOS_DEPLOYMENT_TARGET = 13.0;
				MTL_ENABLE_DEBUG_INFO = INCLUDE_SOURCE;
				MTL_FAST_MATH = YES;
				ONLY_ACTIVE_ARCH = YES;
				SDKROOT = iphoneos;
				SWIFT_ACTIVE_COMPILATION_CONDITIONS = DEBUG;
				SWIFT_OPTIMIZATION_LEVEL = "-Onone";
			};
			name = Debug;
		};
		90079AAE2998ED7800CF86D2 /* Release */ = {
			isa = XCBuildConfiguration;
			buildSettings = {
				ALWAYS_SEARCH_USER_PATHS = NO;
				CLANG_ANALYZER_NONNULL = YES;
				CLANG_ANALYZER_NUMBER_OBJECT_CONVERSION = YES_AGGRESSIVE;
				CLANG_CXX_LANGUAGE_STANDARD = "gnu++20";
				CLANG_ENABLE_MODULES = YES;
				CLANG_ENABLE_OBJC_ARC = YES;
				CLANG_ENABLE_OBJC_WEAK = YES;
				CLANG_WARN_BLOCK_CAPTURE_AUTORELEASING = YES;
				CLANG_WARN_BOOL_CONVERSION = YES;
				CLANG_WARN_COMMA = YES;
				CLANG_WARN_CONSTANT_CONVERSION = YES;
				CLANG_WARN_DEPRECATED_OBJC_IMPLEMENTATIONS = YES;
				CLANG_WARN_DIRECT_OBJC_ISA_USAGE = YES_ERROR;
				CLANG_WARN_DOCUMENTATION_COMMENTS = YES;
				CLANG_WARN_EMPTY_BODY = YES;
				CLANG_WARN_ENUM_CONVERSION = YES;
				CLANG_WARN_INFINITE_RECURSION = YES;
				CLANG_WARN_INT_CONVERSION = YES;
				CLANG_WARN_NON_LITERAL_NULL_CONVERSION = YES;
				CLANG_WARN_OBJC_IMPLICIT_RETAIN_SELF = YES;
				CLANG_WARN_OBJC_LITERAL_CONVERSION = YES;
				CLANG_WARN_OBJC_ROOT_CLASS = YES_ERROR;
				CLANG_WARN_QUOTED_INCLUDE_IN_FRAMEWORK_HEADER = YES;
				CLANG_WARN_RANGE_LOOP_ANALYSIS = YES;
				CLANG_WARN_STRICT_PROTOTYPES = YES;
				CLANG_WARN_SUSPICIOUS_MOVE = YES;
				CLANG_WARN_UNGUARDED_AVAILABILITY = YES_AGGRESSIVE;
				CLANG_WARN_UNREACHABLE_CODE = YES;
				CLANG_WARN__DUPLICATE_METHOD_MATCH = YES;
				COPY_PHASE_STRIP = NO;
				DEBUG_INFORMATION_FORMAT = "dwarf-with-dsym";
				ENABLE_NS_ASSERTIONS = NO;
				ENABLE_STRICT_OBJC_MSGSEND = YES;
				GCC_C_LANGUAGE_STANDARD = gnu11;
				GCC_NO_COMMON_BLOCKS = YES;
				GCC_WARN_64_TO_32_BIT_CONVERSION = YES;
				GCC_WARN_ABOUT_RETURN_TYPE = YES_ERROR;
				GCC_WARN_UNDECLARED_SELECTOR = YES;
				GCC_WARN_UNINITIALIZED_AUTOS = YES_AGGRESSIVE;
				GCC_WARN_UNUSED_FUNCTION = YES;
				GCC_WARN_UNUSED_VARIABLE = YES;
				IPHONEOS_DEPLOYMENT_TARGET = 13.0;
				MTL_ENABLE_DEBUG_INFO = NO;
				MTL_FAST_MATH = YES;
				SDKROOT = iphoneos;
				SWIFT_COMPILATION_MODE = wholemodule;
				SWIFT_OPTIMIZATION_LEVEL = "-O";
				VALIDATE_PRODUCT = YES;
			};
			name = Release;
		};
		90079AB02998ED7800CF86D2 /* Debug */ = {
			isa = XCBuildConfiguration;
			buildSettings = {
				ASSETCATALOG_COMPILER_APPICON_NAME = AppIcon;
				ASSETCATALOG_COMPILER_GLOBAL_ACCENT_COLOR_NAME = AccentColor;
				CODE_SIGN_STYLE = Automatic;
				CURRENT_PROJECT_VERSION = 1;
				DEVELOPMENT_TEAM = 45X94MQMRK;
				GENERATE_INFOPLIST_FILE = YES;
				INFOPLIST_FILE = ImageFeed/Info.plist;
				INFOPLIST_KEY_UIApplicationSupportsIndirectInputEvents = YES;
				INFOPLIST_KEY_UILaunchStoryboardName = LaunchScreen;
				INFOPLIST_KEY_UIMainStoryboardFile = Main;
				INFOPLIST_KEY_UISupportedInterfaceOrientations_iPad = "UIInterfaceOrientationPortrait UIInterfaceOrientationPortraitUpsideDown UIInterfaceOrientationLandscapeLeft UIInterfaceOrientationLandscapeRight";
				INFOPLIST_KEY_UISupportedInterfaceOrientations_iPhone = UIInterfaceOrientationPortrait;
				IPHONEOS_DEPLOYMENT_TARGET = 13.0;
				LD_RUNPATH_SEARCH_PATHS = (
					"$(inherited)",
					"@executable_path/Frameworks",
				);
				MARKETING_VERSION = 1.0;
				PRODUCT_BUNDLE_IDENTIFIER = com.PowerSl1d3.ImageFeed;
				PRODUCT_NAME = "$(TARGET_NAME)";
				SUPPORTED_PLATFORMS = "iphoneos iphonesimulator";
				SUPPORTS_MACCATALYST = NO;
				SUPPORTS_MAC_DESIGNED_FOR_IPHONE_IPAD = YES;
				SWIFT_EMIT_LOC_STRINGS = YES;
				SWIFT_VERSION = 5.0;
				TARGETED_DEVICE_FAMILY = 1;
			};
			name = Debug;
		};
		90079AB12998ED7800CF86D2 /* Release */ = {
			isa = XCBuildConfiguration;
			buildSettings = {
				ASSETCATALOG_COMPILER_APPICON_NAME = AppIcon;
				ASSETCATALOG_COMPILER_GLOBAL_ACCENT_COLOR_NAME = AccentColor;
				CODE_SIGN_STYLE = Automatic;
				CURRENT_PROJECT_VERSION = 1;
				DEVELOPMENT_TEAM = 45X94MQMRK;
				GENERATE_INFOPLIST_FILE = YES;
				INFOPLIST_FILE = ImageFeed/Info.plist;
				INFOPLIST_KEY_UIApplicationSupportsIndirectInputEvents = YES;
				INFOPLIST_KEY_UILaunchStoryboardName = LaunchScreen;
				INFOPLIST_KEY_UIMainStoryboardFile = Main;
				INFOPLIST_KEY_UISupportedInterfaceOrientations_iPad = "UIInterfaceOrientationPortrait UIInterfaceOrientationPortraitUpsideDown UIInterfaceOrientationLandscapeLeft UIInterfaceOrientationLandscapeRight";
				INFOPLIST_KEY_UISupportedInterfaceOrientations_iPhone = UIInterfaceOrientationPortrait;
				IPHONEOS_DEPLOYMENT_TARGET = 13.0;
				LD_RUNPATH_SEARCH_PATHS = (
					"$(inherited)",
					"@executable_path/Frameworks",
				);
				MARKETING_VERSION = 1.0;
				PRODUCT_BUNDLE_IDENTIFIER = com.PowerSl1d3.ImageFeed;
				PRODUCT_NAME = "$(TARGET_NAME)";
				SUPPORTED_PLATFORMS = "iphoneos iphonesimulator";
				SUPPORTS_MACCATALYST = NO;
				SUPPORTS_MAC_DESIGNED_FOR_IPHONE_IPAD = YES;
				SWIFT_EMIT_LOC_STRINGS = YES;
				SWIFT_VERSION = 5.0;
				TARGETED_DEVICE_FAMILY = 1;
			};
			name = Release;
		};
/* End XCBuildConfiguration section */

/* Begin XCConfigurationList section */
		90079A962998ED7700CF86D2 /* Build configuration list for PBXProject "ImageFeed" */ = {
			isa = XCConfigurationList;
			buildConfigurations = (
				90079AAD2998ED7800CF86D2 /* Debug */,
				90079AAE2998ED7800CF86D2 /* Release */,
			);
			defaultConfigurationIsVisible = 0;
			defaultConfigurationName = Release;
		};
		90079AAF2998ED7800CF86D2 /* Build configuration list for PBXNativeTarget "ImageFeed" */ = {
			isa = XCConfigurationList;
			buildConfigurations = (
				90079AB02998ED7800CF86D2 /* Debug */,
				90079AB12998ED7800CF86D2 /* Release */,
			);
			defaultConfigurationIsVisible = 0;
			defaultConfigurationName = Release;
		};
/* End XCConfigurationList section */
	};
	rootObject = 90079A932998ED7700CF86D2 /* Project object */;
}
